
Microsoft Visual Studio Solution File, Format Version 12.00
# Visual Studio Version 17
VisualStudioVersion = 17.3.32804.467
MinimumVisualStudioVersion = 10.0.40219.1
Project("{FAE04EC0-301F-11D3-BF4B-00C04F79EFBC}") = "BuildMediaInfo", "BuildMediaInfo\BuildMediaInfo.csproj", "{B8C8496D-FD2C-4984-BA40-C266F2199711}"
EndProject
Project("{FAE04EC0-301F-11D3-BF4B-00C04F79EFBC}") = "MediaInfoLib", "MediaInfoLib\MediaInfoLib.csproj", "{A6A2957E-5BD5-447D-AEDE-8BFD8537E3D3}"
EndProject
Project("{FAE04EC0-301F-11D3-BF4B-00C04F79EFBC}") = "MediaInfoTest", "MediaInfoTest\MediaInfoTest.csproj", "{9B13FA84-1816-40D0-97D2-14AA4AE8425A}"
EndProject
Global
	GlobalSection(SolutionConfigurationPlatforms) = preSolution
		Debug|Any CPU = Debug|Any CPU
		Release|Any CPU = Release|Any CPU
	EndGlobalSection
	GlobalSection(ProjectConfigurationPlatforms) = postSolution
		{B8C8496D-FD2C-4984-BA40-C266F2199711}.Debug|Any CPU.ActiveCfg = Debug|Any CPU
		{B8C8496D-FD2C-4984-BA40-C266F2199711}.Debug|Any CPU.Build.0 = Debug|Any CPU
		{B8C8496D-FD2C-4984-BA40-C266F2199711}.Release|Any CPU.ActiveCfg = Release|Any CPU
		{B8C8496D-FD2C-4984-BA40-C266F2199711}.Release|Any CPU.Build.0 = Release|Any CPU
		{A6A2957E-5BD5-447D-AEDE-8BFD8537E3D3}.Debug|Any CPU.ActiveCfg = Debug|Any CPU
		{A6A2957E-5BD5-447D-AEDE-8BFD8537E3D3}.Debug|Any CPU.Build.0 = Debug|Any CPU
		{A6A2957E-5BD5-447D-AEDE-8BFD8537E3D3}.Release|Any CPU.ActiveCfg = Release|Any CPU
		{A6A2957E-5BD5-447D-AEDE-8BFD8537E3D3}.Release|Any CPU.Build.0 = Release|Any CPU
		{9B13FA84-1816-40D0-97D2-14AA4AE8425A}.Debug|Any CPU.ActiveCfg = Debug|Any CPU
		{9B13FA84-1816-40D0-97D2-14AA4AE8425A}.Debug|Any CPU.Build.0 = Debug|Any CPU
		{9B13FA84-1816-40D0-97D2-14AA4AE8425A}.Release|Any CPU.ActiveCfg = Release|Any CPU
		{9B13FA84-1816-40D0-97D2-14AA4AE8425A}.Release|Any CPU.Build.0 = Release|Any CPU
	EndGlobalSection
	GlobalSection(SolutionProperties) = preSolution
		HideSolutionNode = FALSE
	EndGlobalSection
	GlobalSection(ExtensibilityGlobals) = postSolution
		SolutionGuid = {2D4931BF-3F2D-4ACF-BB62-8C8050646636}
	EndGlobalSection
EndGlobal
